
Microsoft Visual Studio Solution File, Format Version 12.00
# Visual Studio 2012
Project("{FAE04EC0-301F-11D3-BF4B-00C04F79EFBC}") = "Whiteboard.Web", "Whiteboard.Web\Whiteboard.Web.csproj", "{49E57BF3-4E38-48C4-B266-30B2E0D33FEA}"
EndProject
Global
	GlobalSection(SolutionConfigurationPlatforms) = preSolution
		Debug|Any CPU = Debug|Any CPU
		Release|Any CPU = Release|Any CPU
	EndGlobalSection
	GlobalSection(ProjectConfigurationPlatforms) = postSolution
		{49E57BF3-4E38-48C4-B266-30B2E0D33FEA}.Debug|Any CPU.ActiveCfg = Debug|Any CPU
		{49E57BF3-4E38-48C4-B266-30B2E0D33FEA}.Debug|Any CPU.Build.0 = Debug|Any CPU
		{49E57BF3-4E38-48C4-B266-30B2E0D33FEA}.Release|Any CPU.ActiveCfg = Release|Any CPU
		{49E57BF3-4E38-48C4-B266-30B2E0D33FEA}.Release|Any CPU.Build.0 = Release|Any CPU
	EndGlobalSection
	GlobalSection(SolutionProperties) = preSolution
		HideSolutionNode = FALSE
	EndGlobalSection
EndGlobal
